{
  "name": "system-info",
  "version": "1.0.0",
  "lockfileVersion": 1,
  "requires": true,
  "dependencies": {
    "circular-buffer": {
      "version": "1.0.2",
      "resolved": "https://registry.npmjs.org/circular-buffer/-/circular-buffer-1.0.2.tgz",
      "integrity": "sha1-+g4VLtYp92/iTd+J5y69AHhsWm4="
    }
  }
}
